
Microsoft Visual Studio Solution File, Format Version 12.00
# Visual Studio Version 17
VisualStudioVersion = 17.3.32901.215
MinimumVisualStudioVersion = 10.0.40219.1
Project("{FAE04EC0-301F-11D3-BF4B-00C04F79EFBC}") = "Api_Web", "Api_Web\Api_Web.csproj", "{BFAF854D-2432-4013-B81C-4AA1B31C9BCC}"
EndProject
Global
	GlobalSection(SolutionConfigurationPlatforms) = preSolution
		Debug|Any CPU = Debug|Any CPU
		Release|Any CPU = Release|Any CPU
	EndGlobalSection
	GlobalSection(ProjectConfigurationPlatforms) = postSolution
		{BFAF854D-2432-4013-B81C-4AA1B31C9BCC}.Debug|Any CPU.ActiveCfg = Debug|Any CPU
		{BFAF854D-2432-4013-B81C-4AA1B31C9BCC}.Debug|Any CPU.Build.0 = Debug|Any CPU
		{BFAF854D-2432-4013-B81C-4AA1B31C9BCC}.Release|Any CPU.ActiveCfg = Release|Any CPU
		{BFAF854D-2432-4013-B81C-4AA1B31C9BCC}.Release|Any CPU.Build.0 = Release|Any CPU
	EndGlobalSection
	GlobalSection(SolutionProperties) = preSolution
		HideSolutionNode = FALSE
	EndGlobalSection
	GlobalSection(ExtensibilityGlobals) = postSolution
		SolutionGuid = {F02F28EE-AB88-4E77-A5A1-C47B3D7A03C8}
	EndGlobalSection
EndGlobal
